
Microsoft Visual Studio Solution File, Format Version 12.00
# Visual Studio 15
VisualStudioVersion = 15.0.28307.572
MinimumVisualStudioVersion = 10.0.40219.1
Project("{FAE04EC0-301F-11D3-BF4B-00C04F79EFBC}") = "Media", "Media\Media.csproj", "{B8A7BC09-4126-4F2D-8E4F-95794C008159}"
EndProject
Global
	GlobalSection(SolutionConfigurationPlatforms) = preSolution
		Debug|Any CPU = Debug|Any CPU
		Release|Any CPU = Release|Any CPU
	EndGlobalSection
	GlobalSection(ProjectConfigurationPlatforms) = postSolution
		{B8A7BC09-4126-4F2D-8E4F-95794C008159}.Debug|Any CPU.ActiveCfg = Debug|Any CPU
		{B8A7BC09-4126-4F2D-8E4F-95794C008159}.Debug|Any CPU.Build.0 = Debug|Any CPU
		{B8A7BC09-4126-4F2D-8E4F-95794C008159}.Release|Any CPU.ActiveCfg = Release|Any CPU
		{B8A7BC09-4126-4F2D-8E4F-95794C008159}.Release|Any CPU.Build.0 = Release|Any CPU
	EndGlobalSection
	GlobalSection(SolutionProperties) = preSolution
		HideSolutionNode = FALSE
	EndGlobalSection
	GlobalSection(ExtensibilityGlobals) = postSolution
		SolutionGuid = {7A3F16A3-87BE-4BBB-A899-62C80889F086}
	EndGlobalSection
EndGlobal
