
Microsoft Visual Studio Solution File, Format Version 12.00
# Visual Studio 15
VisualStudioVersion = 15.0.28307.572
MinimumVisualStudioVersion = 10.0.40219.1
Project("{FAE04EC0-301F-11D3-BF4B-00C04F79EFBC}") = "Intervalo", "Intervalo\Intervalo.csproj", "{727DD0A5-4785-41B0-B55D-BA3213B338DF}"
EndProject
Global
	GlobalSection(SolutionConfigurationPlatforms) = preSolution
		Debug|Any CPU = Debug|Any CPU
		Release|Any CPU = Release|Any CPU
	EndGlobalSection
	GlobalSection(ProjectConfigurationPlatforms) = postSolution
		{727DD0A5-4785-41B0-B55D-BA3213B338DF}.Debug|Any CPU.ActiveCfg = Debug|Any CPU
		{727DD0A5-4785-41B0-B55D-BA3213B338DF}.Debug|Any CPU.Build.0 = Debug|Any CPU
		{727DD0A5-4785-41B0-B55D-BA3213B338DF}.Release|Any CPU.ActiveCfg = Release|Any CPU
		{727DD0A5-4785-41B0-B55D-BA3213B338DF}.Release|Any CPU.Build.0 = Release|Any CPU
	EndGlobalSection
	GlobalSection(SolutionProperties) = preSolution
		HideSolutionNode = FALSE
	EndGlobalSection
	GlobalSection(ExtensibilityGlobals) = postSolution
		SolutionGuid = {23801EFF-6B7B-40C9-86B0-4C65D5D964CF}
	EndGlobalSection
EndGlobal
