
Microsoft Visual Studio Solution File, Format Version 12.00
# Visual Studio 15
VisualStudioVersion = 15.0.28307.572
MinimumVisualStudioVersion = 10.0.40219.1
Project("{FAE04EC0-301F-11D3-BF4B-00C04F79EFBC}") = "Temperaturas", "Temperaturas\Temperaturas.csproj", "{7821034E-3E85-4527-B4BA-12959B00D8E8}"
EndProject
Global
	GlobalSection(SolutionConfigurationPlatforms) = preSolution
		Debug|Any CPU = Debug|Any CPU
		Release|Any CPU = Release|Any CPU
	EndGlobalSection
	GlobalSection(ProjectConfigurationPlatforms) = postSolution
		{7821034E-3E85-4527-B4BA-12959B00D8E8}.Debug|Any CPU.ActiveCfg = Debug|Any CPU
		{7821034E-3E85-4527-B4BA-12959B00D8E8}.Debug|Any CPU.Build.0 = Debug|Any CPU
		{7821034E-3E85-4527-B4BA-12959B00D8E8}.Release|Any CPU.ActiveCfg = Release|Any CPU
		{7821034E-3E85-4527-B4BA-12959B00D8E8}.Release|Any CPU.Build.0 = Release|Any CPU
	EndGlobalSection
	GlobalSection(SolutionProperties) = preSolution
		HideSolutionNode = FALSE
	EndGlobalSection
	GlobalSection(ExtensibilityGlobals) = postSolution
		SolutionGuid = {CF70D8DD-0769-4CC8-B217-D4BD2ED586CC}
	EndGlobalSection
EndGlobal
