
Microsoft Visual Studio Solution File, Format Version 12.00
# Visual Studio 15
VisualStudioVersion = 15.0.28307.572
MinimumVisualStudioVersion = 10.0.40219.1
Project("{FAE04EC0-301F-11D3-BF4B-00C04F79EFBC}") = "DistanciaDoisPontos", "DistanciaDoisPontos\DistanciaDoisPontos.csproj", "{3627026E-EFAF-44EC-80F7-94CD95F663F5}"
EndProject
Global
	GlobalSection(SolutionConfigurationPlatforms) = preSolution
		Debug|Any CPU = Debug|Any CPU
		Release|Any CPU = Release|Any CPU
	EndGlobalSection
	GlobalSection(ProjectConfigurationPlatforms) = postSolution
		{3627026E-EFAF-44EC-80F7-94CD95F663F5}.Debug|Any CPU.ActiveCfg = Debug|Any CPU
		{3627026E-EFAF-44EC-80F7-94CD95F663F5}.Debug|Any CPU.Build.0 = Debug|Any CPU
		{3627026E-EFAF-44EC-80F7-94CD95F663F5}.Release|Any CPU.ActiveCfg = Release|Any CPU
		{3627026E-EFAF-44EC-80F7-94CD95F663F5}.Release|Any CPU.Build.0 = Release|Any CPU
	EndGlobalSection
	GlobalSection(SolutionProperties) = preSolution
		HideSolutionNode = FALSE
	EndGlobalSection
	GlobalSection(ExtensibilityGlobals) = postSolution
		SolutionGuid = {15ACFF75-49FB-4C7F-B768-D1B5E89FDFD2}
	EndGlobalSection
EndGlobal
